// !$*UTF8*$!
{
	archiveVersion = 1;
	classes = {
	};
	objectVersion = 50;
	objects = {

/* Begin PBXBuildFile section */
		B48572A926283552004B1014 /* AppDelegate.swift in Sources */ = {isa = PBXBuildFile; fileRef = B48572A826283552004B1014 /* AppDelegate.swift */; };
		B48572AB26283552004B1014 /* SceneDelegate.swift in Sources */ = {isa = PBXBuildFile; fileRef = B48572AA26283552004B1014 /* SceneDelegate.swift */; };
		B48572AD26283552004B1014 /* LoginViewController.swift in Sources */ = {isa = PBXBuildFile; fileRef = B48572AC26283552004B1014 /* LoginViewController.swift */; };
		B48572B026283552004B1014 /* Main.storyboard in Resources */ = {isa = PBXBuildFile; fileRef = B48572AE26283552004B1014 /* Main.storyboard */; };
		B48572B226283555004B1014 /* Assets.xcassets in Resources */ = {isa = PBXBuildFile; fileRef = B48572B126283555004B1014 /* Assets.xcassets */; };
		B48572B526283555004B1014 /* LaunchScreen.storyboard in Resources */ = {isa = PBXBuildFile; fileRef = B48572B326283555004B1014 /* LaunchScreen.storyboard */; };
		B48572BE2628365B004B1014 /* background.png in Resources */ = {isa = PBXBuildFile; fileRef = B48572BD2628365B004B1014 /* background.png */; };
		B48572C326283BD0004B1014 /* UserData.swift in Sources */ = {isa = PBXBuildFile; fileRef = B48572C226283BD0004B1014 /* UserData.swift */; };
		B48572C9262DA87C004B1014 /* MainViewController.swift in Sources */ = {isa = PBXBuildFile; fileRef = B48572C8262DA87B004B1014 /* MainViewController.swift */; };
		B4A888EC26380B140078F014 /* CartViewController.swift in Sources */ = {isa = PBXBuildFile; fileRef = B4A888EB26380B140078F014 /* CartViewController.swift */; };
		B4A9C3FE26304ED00017E69F /* bowlgreen.jpg in Resources */ = {isa = PBXBuildFile; fileRef = B4A9C3F526304ED00017E69F /* bowlgreen.jpg */; };
		B4A9C3FF26304ED00017E69F /* pomelo.jpg in Resources */ = {isa = PBXBuildFile; fileRef = B4A9C3F626304ED00017E69F /* pomelo.jpg */; };
		B4A9C40026304ED00017E69F /* daykiri.jpg in Resources */ = {isa = PBXBuildFile; fileRef = B4A9C3F726304ED00017E69F /* daykiri.jpg */; };
		B4A9C40126304ED00017E69F /* elderberry.jpg in Resources */ = {isa = PBXBuildFile; fileRef = B4A9C3F826304ED00017E69F /* elderberry.jpg */; };
		B4A9C40226304ED00017E69F /* bowlblue.jpg in Resources */ = {isa = PBXBuildFile; fileRef = B4A9C3F926304ED00017E69F /* bowlblue.jpg */; };
		B4A9C40326304ED00017E69F /* hookahorange.jpg in Resources */ = {isa = PBXBuildFile; fileRef = B4A9C3FA26304ED00017E69F /* hookahorange.jpg */; };
		B4A9C40426304ED00017E69F /* bowlblack.jpg in Resources */ = {isa = PBXBuildFile; fileRef = B4A9C3FB26304ED00017E69F /* bowlblack.jpg */; };
		B4A9C40526304ED00017E69F /* hookahred.jpg in Resources */ = {isa = PBXBuildFile; fileRef = B4A9C3FC26304ED00017E69F /* hookahred.jpg */; };
		B4A9C40626304ED00017E69F /* hookahgray.jpg in Resources */ = {isa = PBXBuildFile; fileRef = B4A9C3FD26304ED00017E69F /* hookahgray.jpg */; };
/* End PBXBuildFile section */

/* Begin PBXFileReference section */
		B48572A526283552004B1014 /* HookahShop.app */ = {isa = PBXFileReference; explicitFileType = wrapper.application; includeInIndex = 0; path = HookahShop.app; sourceTree = BUILT_PRODUCTS_DIR; };
		B48572A826283552004B1014 /* AppDelegate.swift */ = {isa = PBXFileReference; lastKnownFileType = sourcecode.swift; path = AppDelegate.swift; sourceTree = "<group>"; };
		B48572AA26283552004B1014 /* SceneDelegate.swift */ = {isa = PBXFileReference; lastKnownFileType = sourcecode.swift; path = SceneDelegate.swift; sourceTree = "<group>"; };
		B48572AC26283552004B1014 /* LoginViewController.swift */ = {isa = PBXFileReference; lastKnownFileType = sourcecode.swift; path = LoginViewController.swift; sourceTree = "<group>"; };
		B48572AF26283552004B1014 /* Base */ = {isa = PBXFileReference; lastKnownFileType = file.storyboard; name = Base; path = Base.lproj/Main.storyboard; sourceTree = "<group>"; };
		B48572B126283555004B1014 /* Assets.xcassets */ = {isa = PBXFileReference; lastKnownFileType = folder.assetcatalog; path = Assets.xcassets; sourceTree = "<group>"; };
		B48572B426283555004B1014 /* Base */ = {isa = PBXFileReference; lastKnownFileType = file.storyboard; name = Base; path = Base.lproj/LaunchScreen.storyboard; sourceTree = "<group>"; };
		B48572B626283555004B1014 /* Info.plist */ = {isa = PBXFileReference; lastKnownFileType = text.plist.xml; path = Info.plist; sourceTree = "<group>"; };
		B48572BD2628365B004B1014 /* background.png */ = {isa = PBXFileReference; lastKnownFileType = image.png; path = background.png; sourceTree = "<group>"; };
		B48572C226283BD0004B1014 /* UserData.swift */ = {isa = PBXFileReference; lastKnownFileType = sourcecode.swift; path = UserData.swift; sourceTree = "<group>"; };
		B48572C8262DA87B004B1014 /* MainViewController.swift */ = {isa = PBXFileReference; lastKnownFileType = sourcecode.swift; path = MainViewController.swift; sourceTree = "<group>"; };
		B4A888EB26380B140078F014 /* CartViewController.swift */ = {isa = PBXFileReference; lastKnownFileType = sourcecode.swift; path = CartViewController.swift; sourceTree = "<group>"; };
		B4A9C3F526304ED00017E69F /* bowlgreen.jpg */ = {isa = PBXFileReference; lastKnownFileType = image.jpeg; path = bowlgreen.jpg; sourceTree = "<group>"; };
		B4A9C3F626304ED00017E69F /* pomelo.jpg */ = {isa = PBXFileReference; lastKnownFileType = image.jpeg; path = pomelo.jpg; sourceTree = "<group>"; };
		B4A9C3F726304ED00017E69F /* daykiri.jpg */ = {isa = PBXFileReference; lastKnownFileType = image.jpeg; path = daykiri.jpg; sourceTree = "<group>"; };
		B4A9C3F826304ED00017E69F /* elderberry.jpg */ = {isa = PBXFileReference; lastKnownFileType = image.jpeg; path = elderberry.jpg; sourceTree = "<group>"; };
		B4A9C3F926304ED00017E69F /* bowlblue.jpg */ = {isa = PBXFileReference; lastKnownFileType = image.jpeg; path = bowlblue.jpg; sourceTree = "<group>"; };
		B4A9C3FA26304ED00017E69F /* hookahorange.jpg */ = {isa = PBXFileReference; lastKnownFileType = image.jpeg; path = hookahorange.jpg; sourceTree = "<group>"; };
		B4A9C3FB26304ED00017E69F /* bowlblack.jpg */ = {isa = PBXFileReference; lastKnownFileType = image.jpeg; path = bowlblack.jpg; sourceTree = "<group>"; };
		B4A9C3FC26304ED00017E69F /* hookahred.jpg */ = {isa = PBXFileReference; lastKnownFileType = image.jpeg; path = hookahred.jpg; sourceTree = "<group>"; };
		B4A9C3FD26304ED00017E69F /* hookahgray.jpg */ = {isa = PBXFileReference; lastKnownFileType = image.jpeg; path = hookahgray.jpg; sourceTree = "<group>"; };
/* End PBXFileReference section */

/* Begin PBXFrameworksBuildPhase section */
		B48572A226283551004B1014 /* Frameworks */ = {
			isa = PBXFrameworksBuildPhase;
			buildActionMask = 2147483647;
			files = (
			);
			runOnlyForDeploymentPostprocessing = 0;
		};
/* End PBXFrameworksBuildPhase section */

/* Begin PBXGroup section */
		B485729C26283551004B1014 = {
			isa = PBXGroup;
			children = (
				B48572A726283552004B1014 /* HookahShop */,
				B48572A626283552004B1014 /* Products */,
			);
			sourceTree = "<group>";
		};
		B48572A626283552004B1014 /* Products */ = {
			isa = PBXGroup;
			children = (
				B48572A526283552004B1014 /* HookahShop.app */,
			);
			name = Products;
			sourceTree = "<group>";
		};
		B48572A726283552004B1014 /* HookahShop */ = {
			isa = PBXGroup;
			children = (
				B48572A826283552004B1014 /* AppDelegate.swift */,
				B48572AA26283552004B1014 /* SceneDelegate.swift */,
				B48572AC26283552004B1014 /* LoginViewController.swift */,
				B48572C8262DA87B004B1014 /* MainViewController.swift */,
				B4A888EB26380B140078F014 /* CartViewController.swift */,
				B48572C226283BD0004B1014 /* UserData.swift */,
				B48572AE26283552004B1014 /* Main.storyboard */,
				B48572B126283555004B1014 /* Assets.xcassets */,
				B48572BD2628365B004B1014 /* background.png */,
				B4A9C3FB26304ED00017E69F /* bowlblack.jpg */,
				B4A9C3F926304ED00017E69F /* bowlblue.jpg */,
				B4A9C3F526304ED00017E69F /* bowlgreen.jpg */,
				B4A9C3F726304ED00017E69F /* daykiri.jpg */,
				B4A9C3F826304ED00017E69F /* elderberry.jpg */,
				B4A9C3FD26304ED00017E69F /* hookahgray.jpg */,
				B4A9C3FA26304ED00017E69F /* hookahorange.jpg */,
				B4A9C3FC26304ED00017E69F /* hookahred.jpg */,
				B4A9C3F626304ED00017E69F /* pomelo.jpg */,
				B48572B326283555004B1014 /* LaunchScreen.storyboard */,
				B48572B626283555004B1014 /* Info.plist */,
			);
			path = HookahShop;
			sourceTree = "<group>";
		};
/* End PBXGroup section */

/* Begin PBXNativeTarget section */
		B48572A426283551004B1014 /* HookahShop */ = {
			isa = PBXNativeTarget;
			buildConfigurationList = B48572B926283555004B1014 /* Build configuration list for PBXNativeTarget "HookahShop" */;
			buildPhases = (
				B48572A126283551004B1014 /* Sources */,
				B48572A226283551004B1014 /* Frameworks */,
				B48572A326283551004B1014 /* Resources */,
			);
			buildRules = (
			);
			dependencies = (
			);
			name = HookahShop;
			productName = HookahShop;
			productReference = B48572A526283552004B1014 /* HookahShop.app */;
			productType = "com.apple.product-type.application";
		};
/* End PBXNativeTarget section */

/* Begin PBXProject section */
		B485729D26283551004B1014 /* Project object */ = {
			isa = PBXProject;
			attributes = {
				LastSwiftUpdateCheck = 1200;
				LastUpgradeCheck = 1200;
				TargetAttributes = {
					B48572A426283551004B1014 = {
						CreatedOnToolsVersion = 12.0.1;
					};
				};
			};
			buildConfigurationList = B48572A026283551004B1014 /* Build configuration list for PBXProject "HookahShop" */;
			compatibilityVersion = "Xcode 9.3";
			developmentRegion = en;
			hasScannedForEncodings = 0;
			knownRegions = (
				en,
				Base,
			);
			mainGroup = B485729C26283551004B1014;
			productRefGroup = B48572A626283552004B1014 /* Products */;
			projectDirPath = "";
			projectRoot = "";
			targets = (
				B48572A426283551004B1014 /* HookahShop */,
			);
		};
/* End PBXProject section */

/* Begin PBXResourcesBuildPhase section */
		B48572A326283551004B1014 /* Resources */ = {
			isa = PBXResourcesBuildPhase;
			buildActionMask = 2147483647;
			files = (
				B48572BE2628365B004B1014 /* background.png in Resources */,
				B4A9C40526304ED00017E69F /* hookahred.jpg in Resources */,
				B48572B526283555004B1014 /* LaunchScreen.storyboard in Resources */,
				B4A9C40226304ED00017E69F /* bowlblue.jpg in Resources */,
				B4A9C40326304ED00017E69F /* hookahorange.jpg in Resources */,
				B48572B226283555004B1014 /* Assets.xcassets in Resources */,
				B4A9C40026304ED00017E69F /* daykiri.jpg in Resources */,
				B4A9C3FF26304ED00017E69F /* pomelo.jpg in Resources */,
				B4A9C40126304ED00017E69F /* elderberry.jpg in Resources */,
				B4A9C3FE26304ED00017E69F /* bowlgreen.jpg in Resources */,
				B48572B026283552004B1014 /* Main.storyboard in Resources */,
				B4A9C40426304ED00017E69F /* bowlblack.jpg in Resources */,
				B4A9C40626304ED00017E69F /* hookahgray.jpg in Resources */,
			);
			runOnlyForDeploymentPostprocessing = 0;
		};
/* End PBXResourcesBuildPhase section */

/* Begin PBXSourcesBuildPhase section */
		B48572A126283551004B1014 /* Sources */ = {
			isa = PBXSourcesBuildPhase;
			buildActionMask = 2147483647;
			files = (
				B48572AD26283552004B1014 /* LoginViewController.swift in Sources */,
				B48572A926283552004B1014 /* AppDelegate.swift in Sources */,
				B48572C326283BD0004B1014 /* UserData.swift in Sources */,
				B48572AB26283552004B1014 /* SceneDelegate.swift in Sources */,
				B4A888EC26380B140078F014 /* CartViewController.swift in Sources */,
				B48572C9262DA87C004B1014 /* MainViewController.swift in Sources */,
			);
			runOnlyForDeploymentPostprocessing = 0;
		};
/* End PBXSourcesBuildPhase section */

/* Begin PBXVariantGroup section */
		B48572AE26283552004B1014 /* Main.storyboard */ = {
			isa = PBXVariantGroup;
			children = (
				B48572AF26283552004B1014 /* Base */,
			);
			name = Main.storyboard;
			sourceTree = "<group>";
		};
		B48572B326283555004B1014 /* LaunchScreen.storyboard */ = {
			isa = PBXVariantGroup;
			children = (
				B48572B426283555004B1014 /* Base */,
			);
			name = LaunchScreen.storyboard;
			sourceTree = "<group>";
		};
/* End PBXVariantGroup section */

/* Begin XCBuildConfiguration section */
		B48572B726283555004B1014 /* Debug */ = {
			isa = XCBuildConfiguration;
			buildSettings = {
				ALWAYS_SEARCH_USER_PATHS = NO;
				CLANG_ANALYZER_NONNULL = YES;
				CLANG_ANALYZER_NUMBER_OBJECT_CONVERSION = YES_AGGRESSIVE;
				CLANG_CXX_LANGUAGE_STANDARD = "gnu++14";
				CLANG_CXX_LIBRARY = "libc++";
				CLANG_ENABLE_MODULES = YES;
				CLANG_ENABLE_OBJC_ARC = YES;
				CLANG_ENABLE_OBJC_WEAK = YES;
				CLANG_WARN_BLOCK_CAPTURE_AUTORELEASING = YES;
				CLANG_WARN_BOOL_CONVERSION = YES;
				CLANG_WARN_COMMA = YES;
				CLANG_WARN_CONSTANT_CONVERSION = YES;
				CLANG_WARN_DEPRECATED_OBJC_IMPLEMENTATIONS = YES;
				CLANG_WARN_DIRECT_OBJC_ISA_USAGE = YES_ERROR;
				CLANG_WARN_DOCUMENTATION_COMMENTS = YES;
				CLANG_WARN_EMPTY_BODY = YES;
				CLANG_WARN_ENUM_CONVERSION = YES;
				CLANG_WARN_INFINITE_RECURSION = YES;
				CLANG_WARN_INT_CONVERSION = YES;
				CLANG_WARN_NON_LITERAL_NULL_CONVERSION = YES;
				CLANG_WARN_OBJC_IMPLICIT_RETAIN_SELF = YES;
				CLANG_WARN_OBJC_LITERAL_CONVERSION = YES;
				CLANG_WARN_OBJC_ROOT_CLASS = YES_ERROR;
				CLANG_WARN_QUOTED_INCLUDE_IN_FRAMEWORK_HEADER = YES;
				CLANG_WARN_RANGE_LOOP_ANALYSIS = YES;
				CLANG_WARN_STRICT_PROTOTYPES = YES;
				CLANG_WARN_SUSPICIOUS_MOVE = YES;
				CLANG_WARN_UNGUARDED_AVAILABILITY = YES_AGGRESSIVE;
				CLANG_WARN_UNREACHABLE_CODE = YES;
				CLANG_WARN__DUPLICATE_METHOD_MATCH = YES;
				COPY_PHASE_STRIP = NO;
				DEBUG_INFORMATION_FORMAT = dwarf;
				ENABLE_STRICT_OBJC_MSGSEND = YES;
				ENABLE_TESTABILITY = YES;
				GCC_C_LANGUAGE_STANDARD = gnu11;
				GCC_DYNAMIC_NO_PIC = NO;
				GCC_NO_COMMON_BLOCKS = YES;
				GCC_OPTIMIZATION_LEVEL = 0;
				GCC_PREPROCESSOR_DEFINITIONS = (
					"DEBUG=1",
					"$(inherited)",
				);
				GCC_WARN_64_TO_32_BIT_CONVERSION = YES;
				GCC_WARN_ABOUT_RETURN_TYPE = YES_ERROR;
				GCC_WARN_UNDECLARED_SELECTOR = YES;
				GCC_WARN_UNINITIALIZED_AUTOS = YES_AGGRESSIVE;
				GCC_WARN_UNUSED_FUNCTION = YES;
				GCC_WARN_UNUSED_VARIABLE = YES;
				IPHONEOS_DEPLOYMENT_TARGET = 14.0;
				MTL_ENABLE_DEBUG_INFO = INCLUDE_SOURCE;
				MTL_FAST_MATH = YES;
				ONLY_ACTIVE_ARCH = YES;
				SDKROOT = iphoneos;
				SWIFT_ACTIVE_COMPILATION_CONDITIONS = DEBUG;
				SWIFT_OPTIMIZATION_LEVEL = "-Onone";
			};
			name = Debug;
		};
		B48572B826283555004B1014 /* Release */ = {
			isa = XCBuildConfiguration;
			buildSettings = {
				ALWAYS_SEARCH_USER_PATHS = NO;
				CLANG_ANALYZER_NONNULL = YES;
				CLANG_ANALYZER_NUMBER_OBJECT_CONVERSION = YES_AGGRESSIVE;
				CLANG_CXX_LANGUAGE_STANDARD = "gnu++14";
				CLANG_CXX_LIBRARY = "libc++";
				CLANG_ENABLE_MODULES = YES;
				CLANG_ENABLE_OBJC_ARC = YES;
				CLANG_ENABLE_OBJC_WEAK = YES;
				CLANG_WARN_BLOCK_CAPTURE_AUTORELEASING = YES;
				CLANG_WARN_BOOL_CONVERSION = YES;
				CLANG_WARN_COMMA = YES;
				CLANG_WARN_CONSTANT_CONVERSION = YES;
				CLANG_WARN_DEPRECATED_OBJC_IMPLEMENTATIONS = YES;
				CLANG_WARN_DIRECT_OBJC_ISA_USAGE = YES_ERROR;
				CLANG_WARN_DOCUMENTATION_COMMENTS = YES;
				CLANG_WARN_EMPTY_BODY = YES;
				CLANG_WARN_ENUM_CONVERSION = YES;
				CLANG_WARN_INFINITE_RECURSION = YES;
				CLANG_WARN_INT_CONVERSION = YES;
				CLANG_WARN_NON_LITERAL_NULL_CONVERSION = YES;
				CLANG_WARN_OBJC_IMPLICIT_RETAIN_SELF = YES;
				CLANG_WARN_OBJC_LITERAL_CONVERSION = YES;
				CLANG_WARN_OBJC_ROOT_CLASS = YES_ERROR;
				CLANG_WARN_QUOTED_INCLUDE_IN_FRAMEWORK_HEADER = YES;
				CLANG_WARN_RANGE_LOOP_ANALYSIS = YES;
				CLANG_WARN_STRICT_PROTOTYPES = YES;
				CLANG_WARN_SUSPICIOUS_MOVE = YES;
				CLANG_WARN_UNGUARDED_AVAILABILITY = YES_AGGRESSIVE;
				CLANG_WARN_UNREACHABLE_CODE = YES;
				CLANG_WARN__DUPLICATE_METHOD_MATCH = YES;
				COPY_PHASE_STRIP = NO;
				DEBUG_INFORMATION_FORMAT = "dwarf-with-dsym";
				ENABLE_NS_ASSERTIONS = NO;
				ENABLE_STRICT_OBJC_MSGSEND = YES;
				GCC_C_LANGUAGE_STANDARD = gnu11;
				GCC_NO_COMMON_BLOCKS = YES;
				GCC_WARN_64_TO_32_BIT_CONVERSION = YES;
				GCC_WARN_ABOUT_RETURN_TYPE = YES_ERROR;
				GCC_WARN_UNDECLARED_SELECTOR = YES;
				GCC_WARN_UNINITIALIZED_AUTOS = YES_AGGRESSIVE;
				GCC_WARN_UNUSED_FUNCTION = YES;
				GCC_WARN_UNUSED_VARIABLE = YES;
				IPHONEOS_DEPLOYMENT_TARGET = 14.0;
				MTL_ENABLE_DEBUG_INFO = NO;
				MTL_FAST_MATH = YES;
				SDKROOT = iphoneos;
				SWIFT_COMPILATION_MODE = wholemodule;
				SWIFT_OPTIMIZATION_LEVEL = "-O";
				VALIDATE_PRODUCT = YES;
			};
			name = Release;
		};
		B48572BA26283555004B1014 /* Debug */ = {
			isa = XCBuildConfiguration;
			buildSettings = {
				ASSETCATALOG_COMPILER_APPICON_NAME = AppIcon;
				ASSETCATALOG_COMPILER_GLOBAL_ACCENT_COLOR_NAME = AccentColor;
				CODE_SIGN_STYLE = Automatic;
				DEVELOPMENT_TEAM = 3L8P7DYJ4H;
				INFOPLIST_FILE = HookahShop/Info.plist;
				LD_RUNPATH_SEARCH_PATHS = (
					"$(inherited)",
					"@executable_path/Frameworks",
				);
				PRODUCT_BUNDLE_IDENTIFIER = "Ivan-Savkov.HookahShop";
				PRODUCT_NAME = "$(TARGET_NAME)";
				SWIFT_VERSION = 5.0;
				TARGETED_DEVICE_FAMILY = "1,2";
			};
			name = Debug;
		};
		B48572BB26283555004B1014 /* Release */ = {
			isa = XCBuildConfiguration;
			buildSettings = {
				ASSETCATALOG_COMPILER_APPICON_NAME = AppIcon;
				ASSETCATALOG_COMPILER_GLOBAL_ACCENT_COLOR_NAME = AccentColor;
				CODE_SIGN_STYLE = Automatic;
				DEVELOPMENT_TEAM = 3L8P7DYJ4H;
				INFOPLIST_FILE = HookahShop/Info.plist;
				LD_RUNPATH_SEARCH_PATHS = (
					"$(inherited)",
					"@executable_path/Frameworks",
				);
				PRODUCT_BUNDLE_IDENTIFIER = "Ivan-Savkov.HookahShop";
				PRODUCT_NAME = "$(TARGET_NAME)";
				SWIFT_VERSION = 5.0;
				TARGETED_DEVICE_FAMILY = "1,2";
			};
			name = Release;
		};
/* End XCBuildConfiguration section */

/* Begin XCConfigurationList section */
		B48572A026283551004B1014 /* Build configuration list for PBXProject "HookahShop" */ = {
			isa = XCConfigurationList;
			buildConfigurations = (
				B48572B726283555004B1014 /* Debug */,
				B48572B826283555004B1014 /* Release */,
			);
			defaultConfigurationIsVisible = 0;
			defaultConfigurationName = Release;
		};
		B48572B926283555004B1014 /* Build configuration list for PBXNativeTarget "HookahShop" */ = {
			isa = XCConfigurationList;
			buildConfigurations = (
				B48572BA26283555004B1014 /* Debug */,
				B48572BB26283555004B1014 /* Release */,
			);
			defaultConfigurationIsVisible = 0;
			defaultConfigurationName = Release;
		};
/* End XCConfigurationList section */
	};
	rootObject = B485729D26283551004B1014 /* Project object */;
}
